
Microsoft Visual Studio Solution File, Format Version 12.00
# Visual Studio 15
Project("{FAE04EC0-301F-11D3-BF4B-00C04F79EFBC}") = "Assembly-CSharp", "Assembly-CSharp.csproj", "{A8DD8943-E474-5421-5E7C-F0AD86297709}"
EndProject
Project("{FAE04EC0-301F-11D3-BF4B-00C04F79EFBC}") = "Assembly-CSharp-Editor", "Assembly-CSharp-Editor.csproj", "{9BA0F6D5-3388-75FF-4E20-08A8C3E716D3}"
EndProject
Global
	GlobalSection(SolutionConfigurationPlatforms) = preSolution
		Debug|Any CPU = Debug|Any CPU
		Release|Any CPU = Release|Any CPU
	EndGlobalSection
	GlobalSection(ProjectConfigurationPlatforms) = postSolution
		{A8DD8943-E474-5421-5E7C-F0AD86297709}.Debug|Any CPU.ActiveCfg = Debug|Any CPU
		{A8DD8943-E474-5421-5E7C-F0AD86297709}.Debug|Any CPU.Build.0 = Debug|Any CPU
		{A8DD8943-E474-5421-5E7C-F0AD86297709}.Release|Any CPU.ActiveCfg = Release|Any CPU
		{A8DD8943-E474-5421-5E7C-F0AD86297709}.Release|Any CPU.Build.0 = Release|Any CPU
		{9BA0F6D5-3388-75FF-4E20-08A8C3E716D3}.Debug|Any CPU.ActiveCfg = Debug|Any CPU
		{9BA0F6D5-3388-75FF-4E20-08A8C3E716D3}.Debug|Any CPU.Build.0 = Debug|Any CPU
		{9BA0F6D5-3388-75FF-4E20-08A8C3E716D3}.Release|Any CPU.ActiveCfg = Release|Any CPU
		{9BA0F6D5-3388-75FF-4E20-08A8C3E716D3}.Release|Any CPU.Build.0 = Release|Any CPU
	EndGlobalSection
	GlobalSection(SolutionProperties) = preSolution
		HideSolutionNode = FALSE
	EndGlobalSection
EndGlobal
